
Microsoft Visual Studio Solution File, Format Version 11.00
# Visual Studio 2010
Project("{FAE04EC0-301F-11D3-BF4B-00C04F79EFBC}") = "Assembly-CSharp", "Assembly-CSharp.csproj", "{45f01dc0-6667-0f90-1242-d201912551f1}"
EndProject
Project("{FAE04EC0-301F-11D3-BF4B-00C04F79EFBC}") = "Assembly-CSharp-Editor", "Assembly-CSharp-Editor.csproj", "{fcb9289f-8998-a28c-98d4-b6540dad068e}"
EndProject
Global
	GlobalSection(SolutionConfigurationPlatforms) = preSolution
		Debug|Any CPU = Debug|Any CPU
	EndGlobalSection
	GlobalSection(ProjectConfigurationPlatforms) = postSolution
		{45f01dc0-6667-0f90-1242-d201912551f1}.Debug|Any CPU.ActiveCfg = Debug|Any CPU
		{45f01dc0-6667-0f90-1242-d201912551f1}.Debug|Any CPU.Build.0 = Debug|Any CPU
		{fcb9289f-8998-a28c-98d4-b6540dad068e}.Debug|Any CPU.ActiveCfg = Debug|Any CPU
		{fcb9289f-8998-a28c-98d4-b6540dad068e}.Debug|Any CPU.Build.0 = Debug|Any CPU
	EndGlobalSection
	GlobalSection(SolutionProperties) = preSolution
		HideSolutionNode = FALSE
	EndGlobalSection
EndGlobal
